
Microsoft Visual Studio Solution File, Format Version 12.00
# Visual Studio Version 17
VisualStudioVersion = 17.5.33516.290
MinimumVisualStudioVersion = 10.0.40219.1
Project("{FAE04EC0-301F-11D3-BF4B-00C04F79EFBC}") = "C#错误调试", "C#错误调试\C#错误调试.csproj", "{29687BBD-3E67-4D43-8809-779BA654F6B2}"
EndProject
Project("{FAE04EC0-301F-11D3-BF4B-00C04F79EFBC}") = "C#属性", "C#属性\C#属性.csproj", "{B5B996D7-471F-496E-A9A9-5B2391D40DC2}"
EndProject
Project("{FAE04EC0-301F-11D3-BF4B-00C04F79EFBC}") = "C#堆栈和值类型与引用类型", "C#堆栈和值类型与引用类型\C#堆栈和值类型与引用类型.csproj", "{44ECE98C-4FF0-4A08-AC35-CF641793F20E}"
EndProject
Project("{FAE04EC0-301F-11D3-BF4B-00C04F79EFBC}") = "C#匿名", "C#匿名\C#匿名.csproj", "{53D26AF0-E1EB-4344-A803-7798844FA302}"
EndProject
Global
	GlobalSection(SolutionConfigurationPlatforms) = preSolution
		Debug|Any CPU = Debug|Any CPU
		Release|Any CPU = Release|Any CPU
	EndGlobalSection
	GlobalSection(ProjectConfigurationPlatforms) = postSolution
		{29687BBD-3E67-4D43-8809-779BA654F6B2}.Debug|Any CPU.ActiveCfg = Debug|Any CPU
		{29687BBD-3E67-4D43-8809-779BA654F6B2}.Debug|Any CPU.Build.0 = Debug|Any CPU
		{29687BBD-3E67-4D43-8809-779BA654F6B2}.Release|Any CPU.ActiveCfg = Release|Any CPU
		{29687BBD-3E67-4D43-8809-779BA654F6B2}.Release|Any CPU.Build.0 = Release|Any CPU
		{B5B996D7-471F-496E-A9A9-5B2391D40DC2}.Debug|Any CPU.ActiveCfg = Debug|Any CPU
		{B5B996D7-471F-496E-A9A9-5B2391D40DC2}.Debug|Any CPU.Build.0 = Debug|Any CPU
		{B5B996D7-471F-496E-A9A9-5B2391D40DC2}.Release|Any CPU.ActiveCfg = Release|Any CPU
		{B5B996D7-471F-496E-A9A9-5B2391D40DC2}.Release|Any CPU.Build.0 = Release|Any CPU
		{44ECE98C-4FF0-4A08-AC35-CF641793F20E}.Debug|Any CPU.ActiveCfg = Debug|Any CPU
		{44ECE98C-4FF0-4A08-AC35-CF641793F20E}.Debug|Any CPU.Build.0 = Debug|Any CPU
		{44ECE98C-4FF0-4A08-AC35-CF641793F20E}.Release|Any CPU.ActiveCfg = Release|Any CPU
		{44ECE98C-4FF0-4A08-AC35-CF641793F20E}.Release|Any CPU.Build.0 = Release|Any CPU
		{53D26AF0-E1EB-4344-A803-7798844FA302}.Debug|Any CPU.ActiveCfg = Debug|Any CPU
		{53D26AF0-E1EB-4344-A803-7798844FA302}.Debug|Any CPU.Build.0 = Debug|Any CPU
		{53D26AF0-E1EB-4344-A803-7798844FA302}.Release|Any CPU.ActiveCfg = Release|Any CPU
		{53D26AF0-E1EB-4344-A803-7798844FA302}.Release|Any CPU.Build.0 = Release|Any CPU
	EndGlobalSection
	GlobalSection(SolutionProperties) = preSolution
		HideSolutionNode = FALSE
	EndGlobalSection
	GlobalSection(ExtensibilityGlobals) = postSolution
		SolutionGuid = {60699A78-D7D2-4569-AD14-0FDAC4BEFEB0}
	EndGlobalSection
EndGlobal
